{
  "name": "192_168_178_88___21025",
  "lockfileVersion": 3,
  "requires": true,
  "packages": {
    "": {
      "dependencies": {
        "@types/lodash": "^4.17.16",
        "@types/node": "^22.13.14",
        "@types/screeps": "^3.3.8"
      }
    },
    "node_modules/@types/lodash": {
      "version": "4.17.16",
      "resolved": "https://registry.npmjs.org/@types/lodash/-/lodash-4.17.16.tgz",
      "integrity": "sha512-HX7Em5NYQAXKW+1T+FiuG27NGwzJfCX3s1GjOa7ujxZa52kjJLOr4FUxT+giF6Tgxv1e+/czV/iTtBw27WTU9g==",
      "license": "MIT"
    },
    "node_modules/@types/node": {
      "version": "22.13.14",
      "resolved": "https://registry.npmjs.org/@types/node/-/node-22.13.14.tgz",
      "integrity": "sha512-Zs/Ollc1SJ8nKUAgc7ivOEdIBM8JAKgrqqUYi2J997JuKO7/tpQC+WCetQ1sypiKCQWHdvdg9wBNpUPEWZae7w==",
      "license": "MIT",
      "dependencies": {
        "undici-types": "~6.20.0"
      }
    },
    "node_modules/@types/screeps": {
      "version": "3.3.8",
      "resolved": "https://registry.npmjs.org/@types/screeps/-/screeps-3.3.8.tgz",
      "integrity": "sha512-PlZRi5l0RaYNI67BgH4AUxhPeK9fKOyPNdFOVYiT66Olj1RtTjEaPY/REUNTSFKREczKM4oeLuVebJh6uorxzw==",
      "license": "MIT"
    },
    "node_modules/undici-types": {
      "version": "6.20.0",
      "resolved": "https://registry.npmjs.org/undici-types/-/undici-types-6.20.0.tgz",
      "integrity": "sha512-Ny6QZ2Nju20vw1SRHe3d9jVu6gJ+4e3+MMpqu7pqE5HT6WsTSlce++GQmK5UXS8mzV8DSYHrQH+Xrf2jVcuKNg==",
      "license": "MIT"
    }
  }
}
